// !$*UTF8*$!
{
	archiveVersion = 1;
	classes = {
	};
	objectVersion = 46;
	objects = {

/* Begin PBXBuildFile section */
		F4B169441C1E3C76003C7551 /* AppDelegate.swift in Sources */ = {isa = PBXBuildFile; fileRef = F4B169431C1E3C76003C7551 /* AppDelegate.swift */; };
		F4B169461C1E3C76003C7551 /* ViewController.swift in Sources */ = {isa = PBXBuildFile; fileRef = F4B169451C1E3C76003C7551 /* ViewController.swift */; };
		F4B169491C1E3C76003C7551 /* Main.storyboard in Resources */ = {isa = PBXBuildFile; fileRef = F4B169471C1E3C76003C7551 /* Main.storyboard */; };
		F4B1694B1C1E3C76003C7551 /* Assets.xcassets in Resources */ = {isa = PBXBuildFile; fileRef = F4B1694A1C1E3C76003C7551 /* Assets.xcassets */; };
		F4B1694E1C1E3C76003C7551 /* LaunchScreen.storyboard in Resources */ = {isa = PBXBuildFile; fileRef = F4B1694C1C1E3C76003C7551 /* LaunchScreen.storyboard */; };
		F4B169561C1E3CBF003C7551 /* Character.swift in Sources */ = {isa = PBXBuildFile; fileRef = F4B169551C1E3CBF003C7551 /* Character.swift */; };
		F4B169581C1E4443003C7551 /* Knight.swift in Sources */ = {isa = PBXBuildFile; fileRef = F4B169571C1E4443003C7551 /* Knight.swift */; };
		F4B1695A1C1E60AE003C7551 /* Orc.swift in Sources */ = {isa = PBXBuildFile; fileRef = F4B169591C1E60AE003C7551 /* Orc.swift */; };
/* End PBXBuildFile section */

/* Begin PBXFileReference section */
		F4B169401C1E3C76003C7551 /* battle-app.app */ = {isa = PBXFileReference; explicitFileType = wrapper.application; includeInIndex = 0; path = "battle-app.app"; sourceTree = BUILT_PRODUCTS_DIR; };
		F4B169431C1E3C76003C7551 /* AppDelegate.swift */ = {isa = PBXFileReference; lastKnownFileType = sourcecode.swift; path = AppDelegate.swift; sourceTree = "<group>"; };
		F4B169451C1E3C76003C7551 /* ViewController.swift */ = {isa = PBXFileReference; lastKnownFileType = sourcecode.swift; path = ViewController.swift; sourceTree = "<group>"; };
		F4B169481C1E3C76003C7551 /* Base */ = {isa = PBXFileReference; lastKnownFileType = file.storyboard; name = Base; path = Base.lproj/Main.storyboard; sourceTree = "<group>"; };
		F4B1694A1C1E3C76003C7551 /* Assets.xcassets */ = {isa = PBXFileReference; lastKnownFileType = folder.assetcatalog; path = Assets.xcassets; sourceTree = "<group>"; };
		F4B1694D1C1E3C76003C7551 /* Base */ = {isa = PBXFileReference; lastKnownFileType = file.storyboard; name = Base; path = Base.lproj/LaunchScreen.storyboard; sourceTree = "<group>"; };
		F4B1694F1C1E3C76003C7551 /* Info.plist */ = {isa = PBXFileReference; lastKnownFileType = text.plist.xml; path = Info.plist; sourceTree = "<group>"; };
		F4B169551C1E3CBF003C7551 /* Character.swift */ = {isa = PBXFileReference; fileEncoding = 4; lastKnownFileType = sourcecode.swift; path = Character.swift; sourceTree = "<group>"; };
		F4B169571C1E4443003C7551 /* Knight.swift */ = {isa = PBXFileReference; fileEncoding = 4; lastKnownFileType = sourcecode.swift; path = Knight.swift; sourceTree = "<group>"; };
		F4B169591C1E60AE003C7551 /* Orc.swift */ = {isa = PBXFileReference; fileEncoding = 4; lastKnownFileType = sourcecode.swift; path = Orc.swift; sourceTree = "<group>"; };
/* End PBXFileReference section */

/* Begin PBXFrameworksBuildPhase section */
		F4B1693D1C1E3C76003C7551 /* Frameworks */ = {
			isa = PBXFrameworksBuildPhase;
			buildActionMask = 2147483647;
			files = (
			);
			runOnlyForDeploymentPostprocessing = 0;
		};
/* End PBXFrameworksBuildPhase section */

/* Begin PBXGroup section */
		F4B169371C1E3C76003C7551 = {
			isa = PBXGroup;
			children = (
				F4B169421C1E3C76003C7551 /* battle-app */,
				F4B169411C1E3C76003C7551 /* Products */,
			);
			sourceTree = "<group>";
		};
		F4B169411C1E3C76003C7551 /* Products */ = {
			isa = PBXGroup;
			children = (
				F4B169401C1E3C76003C7551 /* battle-app.app */,
			);
			name = Products;
			sourceTree = "<group>";
		};
		F4B169421C1E3C76003C7551 /* battle-app */ = {
			isa = PBXGroup;
			children = (
				F4B169431C1E3C76003C7551 /* AppDelegate.swift */,
				F4B169451C1E3C76003C7551 /* ViewController.swift */,
				F4B169471C1E3C76003C7551 /* Main.storyboard */,
				F4B1694A1C1E3C76003C7551 /* Assets.xcassets */,
				F4B1694C1C1E3C76003C7551 /* LaunchScreen.storyboard */,
				F4B1694F1C1E3C76003C7551 /* Info.plist */,
				F4B169551C1E3CBF003C7551 /* Character.swift */,
				F4B169571C1E4443003C7551 /* Knight.swift */,
				F4B169591C1E60AE003C7551 /* Orc.swift */,
			);
			path = "battle-app";
			sourceTree = "<group>";
		};
/* End PBXGroup section */

/* Begin PBXNativeTarget section */
		F4B1693F1C1E3C76003C7551 /* battle-app */ = {
			isa = PBXNativeTarget;
			buildConfigurationList = F4B169521C1E3C76003C7551 /* Build configuration list for PBXNativeTarget "battle-app" */;
			buildPhases = (
				F4B1693C1C1E3C76003C7551 /* Sources */,
				F4B1693D1C1E3C76003C7551 /* Frameworks */,
				F4B1693E1C1E3C76003C7551 /* Resources */,
			);
			buildRules = (
			);
			dependencies = (
			);
			name = "battle-app";
			productName = "battle-app";
			productReference = F4B169401C1E3C76003C7551 /* battle-app.app */;
			productType = "com.apple.product-type.application";
		};
/* End PBXNativeTarget section */

/* Begin PBXProject section */
		F4B169381C1E3C76003C7551 /* Project object */ = {
			isa = PBXProject;
			attributes = {
				LastSwiftUpdateCheck = 0720;
				LastUpgradeCheck = 0720;
				ORGANIZATIONNAME = "Simon Thomas";
				TargetAttributes = {
					F4B1693F1C1E3C76003C7551 = {
						CreatedOnToolsVersion = 7.2;
						DevelopmentTeam = 455MV7795G;
					};
				};
			};
			buildConfigurationList = F4B1693B1C1E3C76003C7551 /* Build configuration list for PBXProject "battle-app" */;
			compatibilityVersion = "Xcode 3.2";
			developmentRegion = English;
			hasScannedForEncodings = 0;
			knownRegions = (
				en,
				Base,
			);
			mainGroup = F4B169371C1E3C76003C7551;
			productRefGroup = F4B169411C1E3C76003C7551 /* Products */;
			projectDirPath = "";
			projectRoot = "";
			targets = (
				F4B1693F1C1E3C76003C7551 /* battle-app */,
			);
		};
/* End PBXProject section */

/* Begin PBXResourcesBuildPhase section */
		F4B1693E1C1E3C76003C7551 /* Resources */ = {
			isa = PBXResourcesBuildPhase;
			buildActionMask = 2147483647;
			files = (
				F4B1694E1C1E3C76003C7551 /* LaunchScreen.storyboard in Resources */,
				F4B1694B1C1E3C76003C7551 /* Assets.xcassets in Resources */,
				F4B169491C1E3C76003C7551 /* Main.storyboard in Resources */,
			);
			runOnlyForDeploymentPostprocessing = 0;
		};
/* End PBXResourcesBuildPhase section */

/* Begin PBXSourcesBuildPhase section */
		F4B1693C1C1E3C76003C7551 /* Sources */ = {
			isa = PBXSourcesBuildPhase;
			buildActionMask = 2147483647;
			files = (
				F4B169581C1E4443003C7551 /* Knight.swift in Sources */,
				F4B169561C1E3CBF003C7551 /* Character.swift in Sources */,
				F4B169461C1E3C76003C7551 /* ViewController.swift in Sources */,
				F4B1695A1C1E60AE003C7551 /* Orc.swift in Sources */,
				F4B169441C1E3C76003C7551 /* AppDelegate.swift in Sources */,
			);
			runOnlyForDeploymentPostprocessing = 0;
		};
/* End PBXSourcesBuildPhase section */

/* Begin PBXVariantGroup section */
		F4B169471C1E3C76003C7551 /* Main.storyboard */ = {
			isa = PBXVariantGroup;
			children = (
				F4B169481C1E3C76003C7551 /* Base */,
			);
			name = Main.storyboard;
			sourceTree = "<group>";
		};
		F4B1694C1C1E3C76003C7551 /* LaunchScreen.storyboard */ = {
			isa = PBXVariantGroup;
			children = (
				F4B1694D1C1E3C76003C7551 /* Base */,
			);
			name = LaunchScreen.storyboard;
			sourceTree = "<group>";
		};
/* End PBXVariantGroup section */

/* Begin XCBuildConfiguration section */
		F4B169501C1E3C76003C7551 /* Debug */ = {
			isa = XCBuildConfiguration;
			buildSettings = {
				ALWAYS_SEARCH_USER_PATHS = NO;
				CLANG_CXX_LANGUAGE_STANDARD = "gnu++0x";
				CLANG_CXX_LIBRARY = "libc++";
				CLANG_ENABLE_MODULES = YES;
				CLANG_ENABLE_OBJC_ARC = YES;
				CLANG_WARN_BOOL_CONVERSION = YES;
				CLANG_WARN_CONSTANT_CONVERSION = YES;
				CLANG_WARN_DIRECT_OBJC_ISA_USAGE = YES_ERROR;
				CLANG_WARN_EMPTY_BODY = YES;
				CLANG_WARN_ENUM_CONVERSION = YES;
				CLANG_WARN_INT_CONVERSION = YES;
				CLANG_WARN_OBJC_ROOT_CLASS = YES_ERROR;
				CLANG_WARN_UNREACHABLE_CODE = YES;
				CLANG_WARN__DUPLICATE_METHOD_MATCH = YES;
				"CODE_SIGN_IDENTITY[sdk=iphoneos*]" = "iPhone Developer";
				COPY_PHASE_STRIP = NO;
				DEBUG_INFORMATION_FORMAT = dwarf;
				ENABLE_STRICT_OBJC_MSGSEND = YES;
				ENABLE_TESTABILITY = YES;
				GCC_C_LANGUAGE_STANDARD = gnu99;
				GCC_DYNAMIC_NO_PIC = NO;
				GCC_NO_COMMON_BLOCKS = YES;
				GCC_OPTIMIZATION_LEVEL = 0;
				GCC_PREPROCESSOR_DEFINITIONS = (
					"DEBUG=1",
					"$(inherited)",
				);
				GCC_WARN_64_TO_32_BIT_CONVERSION = YES;
				GCC_WARN_ABOUT_RETURN_TYPE = YES_ERROR;
				GCC_WARN_UNDECLARED_SELECTOR = YES;
				GCC_WARN_UNINITIALIZED_AUTOS = YES_AGGRESSIVE;
				GCC_WARN_UNUSED_FUNCTION = YES;
				GCC_WARN_UNUSED_VARIABLE = YES;
				IPHONEOS_DEPLOYMENT_TARGET = 9.2;
				MTL_ENABLE_DEBUG_INFO = YES;
				ONLY_ACTIVE_ARCH = YES;
				SDKROOT = iphoneos;
				SWIFT_OPTIMIZATION_LEVEL = "-Onone";
				TARGETED_DEVICE_FAMILY = "1,2";
			};
			name = Debug;
		};
		F4B169511C1E3C76003C7551 /* Release */ = {
			isa = XCBuildConfiguration;
			buildSettings = {
				ALWAYS_SEARCH_USER_PATHS = NO;
				CLANG_CXX_LANGUAGE_STANDARD = "gnu++0x";
				CLANG_CXX_LIBRARY = "libc++";
				CLANG_ENABLE_MODULES = YES;
				CLANG_ENABLE_OBJC_ARC = YES;
				CLANG_WARN_BOOL_CONVERSION = YES;
				CLANG_WARN_CONSTANT_CONVERSION = YES;
				CLANG_WARN_DIRECT_OBJC_ISA_USAGE = YES_ERROR;
				CLANG_WARN_EMPTY_BODY = YES;
				CLANG_WARN_ENUM_CONVERSION = YES;
				CLANG_WARN_INT_CONVERSION = YES;
				CLANG_WARN_OBJC_ROOT_CLASS = YES_ERROR;
				CLANG_WARN_UNREACHABLE_CODE = YES;
				CLANG_WARN__DUPLICATE_METHOD_MATCH = YES;
				"CODE_SIGN_IDENTITY[sdk=iphoneos*]" = "iPhone Developer";
				COPY_PHASE_STRIP = NO;
				DEBUG_INFORMATION_FORMAT = "dwarf-with-dsym";
				ENABLE_NS_ASSERTIONS = NO;
				ENABLE_STRICT_OBJC_MSGSEND = YES;
				GCC_C_LANGUAGE_STANDARD = gnu99;
				GCC_NO_COMMON_BLOCKS = YES;
				GCC_WARN_64_TO_32_BIT_CONVERSION = YES;
				GCC_WARN_ABOUT_RETURN_TYPE = YES_ERROR;
				GCC_WARN_UNDECLARED_SELECTOR = YES;
				GCC_WARN_UNINITIALIZED_AUTOS = YES_AGGRESSIVE;
				GCC_WARN_UNUSED_FUNCTION = YES;
				GCC_WARN_UNUSED_VARIABLE = YES;
				IPHONEOS_DEPLOYMENT_TARGET = 9.2;
				MTL_ENABLE_DEBUG_INFO = NO;
				SDKROOT = iphoneos;
				TARGETED_DEVICE_FAMILY = "1,2";
				VALIDATE_PRODUCT = YES;
			};
			name = Release;
		};
		F4B169531C1E3C76003C7551 /* Debug */ = {
			isa = XCBuildConfiguration;
			buildSettings = {
				ASSETCATALOG_COMPILER_APPICON_NAME = AppIcon;
				INFOPLIST_FILE = "battle-app/Info.plist";
				LD_RUNPATH_SEARCH_PATHS = "$(inherited) @executable_path/Frameworks";
				PRODUCT_BUNDLE_IDENTIFIER = "com.sijt.battle-app";
				PRODUCT_NAME = "$(TARGET_NAME)";
			};
			name = Debug;
		};
		F4B169541C1E3C76003C7551 /* Release */ = {
			isa = XCBuildConfiguration;
			buildSettings = {
				ASSETCATALOG_COMPILER_APPICON_NAME = AppIcon;
				INFOPLIST_FILE = "battle-app/Info.plist";
				LD_RUNPATH_SEARCH_PATHS = "$(inherited) @executable_path/Frameworks";
				PRODUCT_BUNDLE_IDENTIFIER = "com.sijt.battle-app";
				PRODUCT_NAME = "$(TARGET_NAME)";
			};
			name = Release;
		};
/* End XCBuildConfiguration section */

/* Begin XCConfigurationList section */
		F4B1693B1C1E3C76003C7551 /* Build configuration list for PBXProject "battle-app" */ = {
			isa = XCConfigurationList;
			buildConfigurations = (
				F4B169501C1E3C76003C7551 /* Debug */,
				F4B169511C1E3C76003C7551 /* Release */,
			);
			defaultConfigurationIsVisible = 0;
			defaultConfigurationName = Release;
		};
		F4B169521C1E3C76003C7551 /* Build configuration list for PBXNativeTarget "battle-app" */ = {
			isa = XCConfigurationList;
			buildConfigurations = (
				F4B169531C1E3C76003C7551 /* Debug */,
				F4B169541C1E3C76003C7551 /* Release */,
			);
			defaultConfigurationIsVisible = 0;
		};
/* End XCConfigurationList section */
	};
	rootObject = F4B169381C1E3C76003C7551 /* Project object */;
}
